{
  "name": "janus-webrtc-phone",
  "version": "0.0.1",
  "lockfileVersion": 1,
  "requires": true,
  "dependencies": {
    "bootstrap": {
      "version": "4.1.3",
      "resolved": "https://registry.npmjs.org/bootstrap/-/bootstrap-4.1.3.tgz",
      "integrity": "sha512-rDFIzgXcof0jDyjNosjv4Sno77X4KuPeFxG2XZZv1/Kc8DRVGVADdoQyyOVDwPqL36DDmtCQbrpMCqvpPLJQ0w=="
    },
    "jquery": {
      "version": "3.3.1",
      "resolved": "https://registry.npmjs.org/jquery/-/jquery-3.3.1.tgz",
      "integrity": "sha512-Ubldcmxp5np52/ENotGxlLe6aGMvmF4R8S6tZjsP6Knsaxd/xp3Zrh50cG93lR6nPXyUFwzN3ZSOQI0wRJNdGg=="
    },
    "rtcpeerconnection-shim": {
      "version": "1.2.14",
      "resolved": "https://registry.npmjs.org/rtcpeerconnection-shim/-/rtcpeerconnection-shim-1.2.14.tgz",
      "integrity": "sha512-/sl1vgarkFPU2rbXy+EMmytMQIzCKNbIm3fChjPnsdytKAROgoivB0KLE7PQRjKx/d/nr/Yx+6qu0/eCpoxn/A==",
      "requires": {
        "sdp": "^2.6.0"
      }
    },
    "sdp": {
      "version": "2.9.0",
      "resolved": "https://registry.npmjs.org/sdp/-/sdp-2.9.0.tgz",
      "integrity": "sha512-XAVZQO4qsfzVTHorF49zCpkdxiGmPNjA8ps8RcJGtGP3QJ/A8I9/SVg/QnkAFDMXIyGbHZBBFwYBw6WdnhT96w=="
    },
    "webrtc-adapter": {
      "version": "6.4.0",
      "resolved": "https://registry.npmjs.org/webrtc-adapter/-/webrtc-adapter-6.4.0.tgz",
      "integrity": "sha512-VUX/YMIRWwJy74Q2K2KBTh2VlvD4GgxLzLtGC+mecdeTjb+nxzhlCpxwx0lqpiU2apKXHqKLfxMWcrxYnmd6LA==",
      "requires": {
        "rtcpeerconnection-shim": "^1.2.14",
        "sdp": "^2.9.0"
      }
    }
  }
}
